
Microsoft Visual Studio Solution File, Format Version 12.00
# Visual Studio Version 17
VisualStudioVersion = 17.13.35913.81 d17.13
MinimumVisualStudioVersion = 10.0.40219.1
Project("{FAE04EC0-301F-11D3-BF4B-00C04F79EFBC}") = "WpfApp1", "WpfApp1.csproj", "{774D54DB-8699-43F4-9B90-BF830418419E}"
EndProject
Global
	GlobalSection(SolutionConfigurationPlatforms) = preSolution
		Debug|Any CPU = Debug|Any CPU
		Release|Any CPU = Release|Any CPU
	EndGlobalSection
	GlobalSection(ProjectConfigurationPlatforms) = postSolution
		{774D54DB-8699-43F4-9B90-BF830418419E}.Debug|Any CPU.ActiveCfg = Debug|Any CPU
		{774D54DB-8699-43F4-9B90-BF830418419E}.Debug|Any CPU.Build.0 = Debug|Any CPU
		{774D54DB-8699-43F4-9B90-BF830418419E}.Release|Any CPU.ActiveCfg = Release|Any CPU
		{774D54DB-8699-43F4-9B90-BF830418419E}.Release|Any CPU.Build.0 = Release|Any CPU
	EndGlobalSection
	GlobalSection(SolutionProperties) = preSolution
		HideSolutionNode = FALSE
	EndGlobalSection
	GlobalSection(ExtensibilityGlobals) = postSolution
		SolutionGuid = {2BD021A8-01B1-41A7-85E0-19B8E4E0B334}
	EndGlobalSection
EndGlobal
